
Microsoft Visual Studio Solution File, Format Version 12.00
# Visual Studio 15
Project("{FAE04EC0-301F-11D3-BF4B-00C04F79EFBC}") = "COLORS-NEW", "COLORS-NEW.csproj", "{ACFDB397-5F82-B166-CEE2-AFB18379E4FC}"
EndProject
Global
	GlobalSection(SolutionConfigurationPlatforms) = preSolution
		Debug|Any CPU = Debug|Any CPU
		Release|Any CPU = Release|Any CPU
	EndGlobalSection
	GlobalSection(ProjectConfigurationPlatforms) = postSolution
		{ACFDB397-5F82-B166-CEE2-AFB18379E4FC}.Debug|Any CPU.ActiveCfg = Debug|Any CPU
		{ACFDB397-5F82-B166-CEE2-AFB18379E4FC}.Debug|Any CPU.Build.0 = Debug|Any CPU
		{ACFDB397-5F82-B166-CEE2-AFB18379E4FC}.Release|Any CPU.ActiveCfg = Release|Any CPU
		{ACFDB397-5F82-B166-CEE2-AFB18379E4FC}.Release|Any CPU.Build.0 = Release|Any CPU
	EndGlobalSection
	GlobalSection(SolutionProperties) = preSolution
		HideSolutionNode = FALSE
	EndGlobalSection
EndGlobal
